
Microsoft Visual Studio Solution File, Format Version 12.00
# Visual Studio Version 16
VisualStudioVersion = 16.0.31025.194
MinimumVisualStudioVersion = 10.0.40219.1
Project("{9A19103F-16F7-4668-BE54-9A1E7A4F7556}") = "RoundButton", "RoundButton.csproj", "{9BFE7F70-8B76-4A75-9E1F-AF1F049A2AE7}"
EndProject
Global
	GlobalSection(SolutionConfigurationPlatforms) = preSolution
		Debug|Any CPU = Debug|Any CPU
		Release|Any CPU = Release|Any CPU
	EndGlobalSection
	GlobalSection(ProjectConfigurationPlatforms) = postSolution
		{9BFE7F70-8B76-4A75-9E1F-AF1F049A2AE7}.Debug|Any CPU.ActiveCfg = Debug|Any CPU
		{9BFE7F70-8B76-4A75-9E1F-AF1F049A2AE7}.Debug|Any CPU.Build.0 = Debug|Any CPU
		{9BFE7F70-8B76-4A75-9E1F-AF1F049A2AE7}.Release|Any CPU.ActiveCfg = Release|Any CPU
		{9BFE7F70-8B76-4A75-9E1F-AF1F049A2AE7}.Release|Any CPU.Build.0 = Release|Any CPU
	EndGlobalSection
	GlobalSection(SolutionProperties) = preSolution
		HideSolutionNode = FALSE
	EndGlobalSection
	GlobalSection(ExtensibilityGlobals) = postSolution
		SolutionGuid = {31531B1A-327A-4D50-99EC-3389634C7D4C}
	EndGlobalSection
EndGlobal
